
Microsoft Visual Studio Solution File, Format Version 12.00
# Visual Studio Version 16
VisualStudioVersion = 16.0.33027.164
MinimumVisualStudioVersion = 10.0.40219.1
Project("{FAE04EC0-301F-11D3-BF4B-00C04F79EFBC}") = "EsplanadeEventBooking.Server", "EsplanadeEventBooking\Server\EsplanadeEventBooking.Server.csproj", "{3CF92617-8A78-4C00-9F68-7BD4E794F9C2}"
EndProject
Project("{FAE04EC0-301F-11D3-BF4B-00C04F79EFBC}") = "EsplanadeEventBooking.Client", "EsplanadeEventBooking\Client\EsplanadeEventBooking.Client.csproj", "{7B42CB33-D846-46E1-864C-7BF85F510F91}"
EndProject
Project("{FAE04EC0-301F-11D3-BF4B-00C04F79EFBC}") = "EsplanadeEventBooking.Shared", "EsplanadeEventBooking\Shared\EsplanadeEventBooking.Shared.csproj", "{0914CB87-C033-4F02-A4C8-A1386A0C297D}"
EndProject
Global
	GlobalSection(SolutionConfigurationPlatforms) = preSolution
		Debug|Any CPU = Debug|Any CPU
		Release|Any CPU = Release|Any CPU
	EndGlobalSection
	GlobalSection(ProjectConfigurationPlatforms) = postSolution
		{3CF92617-8A78-4C00-9F68-7BD4E794F9C2}.Debug|Any CPU.ActiveCfg = Debug|Any CPU
		{3CF92617-8A78-4C00-9F68-7BD4E794F9C2}.Debug|Any CPU.Build.0 = Debug|Any CPU
		{3CF92617-8A78-4C00-9F68-7BD4E794F9C2}.Release|Any CPU.ActiveCfg = Release|Any CPU
		{3CF92617-8A78-4C00-9F68-7BD4E794F9C2}.Release|Any CPU.Build.0 = Release|Any CPU
		{7B42CB33-D846-46E1-864C-7BF85F510F91}.Debug|Any CPU.ActiveCfg = Debug|Any CPU
		{7B42CB33-D846-46E1-864C-7BF85F510F91}.Debug|Any CPU.Build.0 = Debug|Any CPU
		{7B42CB33-D846-46E1-864C-7BF85F510F91}.Release|Any CPU.ActiveCfg = Release|Any CPU
		{7B42CB33-D846-46E1-864C-7BF85F510F91}.Release|Any CPU.Build.0 = Release|Any CPU
		{0914CB87-C033-4F02-A4C8-A1386A0C297D}.Debug|Any CPU.ActiveCfg = Debug|Any CPU
		{0914CB87-C033-4F02-A4C8-A1386A0C297D}.Debug|Any CPU.Build.0 = Debug|Any CPU
		{0914CB87-C033-4F02-A4C8-A1386A0C297D}.Release|Any CPU.ActiveCfg = Release|Any CPU
		{0914CB87-C033-4F02-A4C8-A1386A0C297D}.Release|Any CPU.Build.0 = Release|Any CPU
	EndGlobalSection
	GlobalSection(SolutionProperties) = preSolution
		HideSolutionNode = FALSE
	EndGlobalSection
	GlobalSection(ExtensibilityGlobals) = postSolution
		SolutionGuid = {F5D569C3-40F2-44FD-ADED-44BE705FD114}
	EndGlobalSection
EndGlobal
